
Microsoft Visual Studio Solution File, Format Version 12.00
# Visual Studio Version 16
VisualStudioVersion = 16.0.30907.101
MinimumVisualStudioVersion = 10.0.40219.1
Project("{9A19103F-16F7-4668-BE54-9A1E7A4F7556}") = "VisualNovelEngine", "VisualNovelEngine\VisualNovelEngine.csproj", "{C79F2339-5165-49B8-8AE0-C1524428BCB8}"
EndProject
Project("{9A19103F-16F7-4668-BE54-9A1E7A4F7556}") = "TestVisualNovel", "TestVisualNovel\TestVisualNovel.csproj", "{081389DF-944D-4308-9BDE-99F44C20A011}"
EndProject
Project("{FAE04EC0-301F-11D3-BF4B-00C04F79EFBC}") = "VisualNovelDirectory", "VisualNovelDirectory\VisualNovelDirectory.csproj", "{20DA28F9-18A1-4EA4-927D-263DFAAE8B11}"
EndProject
Project("{FAE04EC0-301F-11D3-BF4B-00C04F79EFBC}") = "VisualNovelConsole", "VisualNovelConsole\VisualNovelConsole.csproj", "{833566ED-DE09-4784-AB82-4A53D9CECF8B}"
EndProject
Project("{FAE04EC0-301F-11D3-BF4B-00C04F79EFBC}") = "VisualNovelLua", "VisualNovelLua\VisualNovelLua.csproj", "{37785EC5-3450-492A-B1DD-83FF8C6381BB}"
EndProject
Global
	GlobalSection(SolutionConfigurationPlatforms) = preSolution
		Debug|Any CPU = Debug|Any CPU
		Release|Any CPU = Release|Any CPU
	EndGlobalSection
	GlobalSection(ProjectConfigurationPlatforms) = postSolution
		{C79F2339-5165-49B8-8AE0-C1524428BCB8}.Debug|Any CPU.ActiveCfg = Debug|Any CPU
		{C79F2339-5165-49B8-8AE0-C1524428BCB8}.Debug|Any CPU.Build.0 = Debug|Any CPU
		{C79F2339-5165-49B8-8AE0-C1524428BCB8}.Release|Any CPU.ActiveCfg = Release|Any CPU
		{C79F2339-5165-49B8-8AE0-C1524428BCB8}.Release|Any CPU.Build.0 = Release|Any CPU
		{081389DF-944D-4308-9BDE-99F44C20A011}.Debug|Any CPU.ActiveCfg = Debug|Any CPU
		{081389DF-944D-4308-9BDE-99F44C20A011}.Debug|Any CPU.Build.0 = Debug|Any CPU
		{081389DF-944D-4308-9BDE-99F44C20A011}.Release|Any CPU.ActiveCfg = Release|Any CPU
		{081389DF-944D-4308-9BDE-99F44C20A011}.Release|Any CPU.Build.0 = Release|Any CPU
		{20DA28F9-18A1-4EA4-927D-263DFAAE8B11}.Debug|Any CPU.ActiveCfg = Debug|Any CPU
		{20DA28F9-18A1-4EA4-927D-263DFAAE8B11}.Debug|Any CPU.Build.0 = Debug|Any CPU
		{20DA28F9-18A1-4EA4-927D-263DFAAE8B11}.Release|Any CPU.ActiveCfg = Release|Any CPU
		{20DA28F9-18A1-4EA4-927D-263DFAAE8B11}.Release|Any CPU.Build.0 = Release|Any CPU
		{833566ED-DE09-4784-AB82-4A53D9CECF8B}.Debug|Any CPU.ActiveCfg = Debug|Any CPU
		{833566ED-DE09-4784-AB82-4A53D9CECF8B}.Debug|Any CPU.Build.0 = Debug|Any CPU
		{833566ED-DE09-4784-AB82-4A53D9CECF8B}.Release|Any CPU.ActiveCfg = Release|Any CPU
		{833566ED-DE09-4784-AB82-4A53D9CECF8B}.Release|Any CPU.Build.0 = Release|Any CPU
		{37785EC5-3450-492A-B1DD-83FF8C6381BB}.Debug|Any CPU.ActiveCfg = Debug|Any CPU
		{37785EC5-3450-492A-B1DD-83FF8C6381BB}.Debug|Any CPU.Build.0 = Debug|Any CPU
		{37785EC5-3450-492A-B1DD-83FF8C6381BB}.Release|Any CPU.ActiveCfg = Release|Any CPU
		{37785EC5-3450-492A-B1DD-83FF8C6381BB}.Release|Any CPU.Build.0 = Release|Any CPU
	EndGlobalSection
	GlobalSection(SolutionProperties) = preSolution
		HideSolutionNode = FALSE
	EndGlobalSection
	GlobalSection(ExtensibilityGlobals) = postSolution
		SolutionGuid = {C33FF58B-5772-4AF3-88F8-C9BF3D375381}
	EndGlobalSection
EndGlobal
